
Microsoft Visual Studio Solution File, Format Version 12.00
# Visual Studio 14
VisualStudioVersion = 14.0.24720.0
MinimumVisualStudioVersion = 10.0.40219.1
Project("{FAE04EC0-301F-11D3-BF4B-00C04F79EFBC}") = "RoundedBoxView.Forms.Plugin.Abstractions", "RoundedBoxView\RoundedBoxView.Forms.Plugin.Abstractions\RoundedBoxView.Forms.Plugin.Abstractions.csproj", "{14C534B6-1984-41A9-A384-D3A5508588E3}"
EndProject
Project("{FAE04EC0-301F-11D3-BF4B-00C04F79EFBC}") = "RoundedBoxView.Forms.Plugin.iOS", "RoundedBoxView\RoundedBoxView.Forms.Plugin.iOS\RoundedBoxView.Forms.Plugin.iOS.csproj", "{D525F236-6A2D-4010-B1CC-4A4B8581C90B}"
EndProject
Project("{FAE04EC0-301F-11D3-BF4B-00C04F79EFBC}") = "RoundedBoxView.Forms.Plugin.iOSUnified", "RoundedBoxView\RoundedBoxView.Forms.Plugin.iOSUnified\RoundedBoxView.Forms.Plugin.iOSUnified.csproj", "{BB864987-FD1A-4303-A4FC-B1F7E120E78D}"
EndProject
Project("{FAE04EC0-301F-11D3-BF4B-00C04F79EFBC}") = "RoundedBoxView.Forms.Plugin.Android", "RoundedBoxView\RoundedBoxView.Forms.Plugin.Android\RoundedBoxView.Forms.Plugin.Android.csproj", "{AD2D2DB4-E781-4CF1-9B62-3AAD264F196D}"
EndProject
Project("{FAE04EC0-301F-11D3-BF4B-00C04F79EFBC}") = "RoundedBoxView.Forms.Plugin.WindowsPhone", "RoundedBoxView\RoundedBoxView.Forms.Plugin.WindowsPhone\RoundedBoxView.Forms.Plugin.WindowsPhone.csproj", "{983B7EFF-7E75-4A87-890A-744A0B4C5232}"
EndProject
Project("{FAE04EC0-301F-11D3-BF4B-00C04F79EFBC}") = "RoundedBoxView.Forms.Plugin.Win10", "RoundedBoxView\RoundedBoxView.Forms.Plugin.Win10\RoundedBoxView.Forms.Plugin.Win10.csproj", "{2CBE2457-9E60-4A6C-86A7-72E9DAAF8899}"
EndProject
Global
	GlobalSection(SolutionConfigurationPlatforms) = preSolution
		Ad-Hoc|Android = Ad-Hoc|Android
		Ad-Hoc|Any CPU = Ad-Hoc|Any CPU
		Ad-Hoc|ARM = Ad-Hoc|ARM
		Ad-Hoc|iPhone = Ad-Hoc|iPhone
		Ad-Hoc|iPhoneSimulator = Ad-Hoc|iPhoneSimulator
		Ad-Hoc|Nuget = Ad-Hoc|Nuget
		Ad-Hoc|WinPhone = Ad-Hoc|WinPhone
		Ad-Hoc|x64 = Ad-Hoc|x64
		Ad-Hoc|x86 = Ad-Hoc|x86
		AppStore|Android = AppStore|Android
		AppStore|Any CPU = AppStore|Any CPU
		AppStore|ARM = AppStore|ARM
		AppStore|iPhone = AppStore|iPhone
		AppStore|iPhoneSimulator = AppStore|iPhoneSimulator
		AppStore|Nuget = AppStore|Nuget
		AppStore|WinPhone = AppStore|WinPhone
		AppStore|x64 = AppStore|x64
		AppStore|x86 = AppStore|x86
		Debug Win|Android = Debug Win|Android
		Debug Win|Any CPU = Debug Win|Any CPU
		Debug Win|ARM = Debug Win|ARM
		Debug Win|iPhone = Debug Win|iPhone
		Debug Win|iPhoneSimulator = Debug Win|iPhoneSimulator
		Debug Win|Nuget = Debug Win|Nuget
		Debug Win|WinPhone = Debug Win|WinPhone
		Debug Win|x64 = Debug Win|x64
		Debug Win|x86 = Debug Win|x86
		Debug|Android = Debug|Android
		Debug|Any CPU = Debug|Any CPU
		Debug|ARM = Debug|ARM
		Debug|iPhone = Debug|iPhone
		Debug|iPhoneSimulator = Debug|iPhoneSimulator
		Debug|Nuget = Debug|Nuget
		Debug|WinPhone = Debug|WinPhone
		Debug|x64 = Debug|x64
		Debug|x86 = Debug|x86
		Release|Android = Release|Android
		Release|Any CPU = Release|Any CPU
		Release|ARM = Release|ARM
		Release|iPhone = Release|iPhone
		Release|iPhoneSimulator = Release|iPhoneSimulator
		Release|Nuget = Release|Nuget
		Release|WinPhone = Release|WinPhone
		Release|x64 = Release|x64
		Release|x86 = Release|x86
		WinPhoneRelease|Android = WinPhoneRelease|Android
		WinPhoneRelease|Any CPU = WinPhoneRelease|Any CPU
		WinPhoneRelease|ARM = WinPhoneRelease|ARM
		WinPhoneRelease|iPhone = WinPhoneRelease|iPhone
		WinPhoneRelease|iPhoneSimulator = WinPhoneRelease|iPhoneSimulator
		WinPhoneRelease|Nuget = WinPhoneRelease|Nuget
		WinPhoneRelease|WinPhone = WinPhoneRelease|WinPhone
		WinPhoneRelease|x64 = WinPhoneRelease|x64
		WinPhoneRelease|x86 = WinPhoneRelease|x86
	EndGlobalSection
	GlobalSection(ProjectConfigurationPlatforms) = postSolution
		{14C534B6-1984-41A9-A384-D3A5508588E3}.Ad-Hoc|Android.ActiveCfg = Release|Any CPU
		{14C534B6-1984-41A9-A384-D3A5508588E3}.Ad-Hoc|Android.Build.0 = Release|Any CPU
		{14C534B6-1984-41A9-A384-D3A5508588E3}.Ad-Hoc|Any CPU.ActiveCfg = Debug|Any CPU
		{14C534B6-1984-41A9-A384-D3A5508588E3}.Ad-Hoc|Any CPU.Build.0 = Debug|Any CPU
		{14C534B6-1984-41A9-A384-D3A5508588E3}.Ad-Hoc|ARM.ActiveCfg = Debug|Any CPU
		{14C534B6-1984-41A9-A384-D3A5508588E3}.Ad-Hoc|ARM.Build.0 = Debug|Any CPU
		{14C534B6-1984-41A9-A384-D3A5508588E3}.Ad-Hoc|iPhone.ActiveCfg = Release|Any CPU
		{14C534B6-1984-41A9-A384-D3A5508588E3}.Ad-Hoc|iPhoneSimulator.ActiveCfg = Release|Any CPU
		{14C534B6-1984-41A9-A384-D3A5508588E3}.Ad-Hoc|Nuget.ActiveCfg = Release|Any CPU
		{14C534B6-1984-41A9-A384-D3A5508588E3}.Ad-Hoc|WinPhone.ActiveCfg = Release|Any CPU
		{14C534B6-1984-41A9-A384-D3A5508588E3}.Ad-Hoc|x64.ActiveCfg = Debug|Any CPU
		{14C534B6-1984-41A9-A384-D3A5508588E3}.Ad-Hoc|x64.Build.0 = Debug|Any CPU
		{14C534B6-1984-41A9-A384-D3A5508588E3}.Ad-Hoc|x86.ActiveCfg = Debug|Any CPU
		{14C534B6-1984-41A9-A384-D3A5508588E3}.Ad-Hoc|x86.Build.0 = Debug|Any CPU
		{14C534B6-1984-41A9-A384-D3A5508588E3}.AppStore|Android.ActiveCfg = Release|Any CPU
		{14C534B6-1984-41A9-A384-D3A5508588E3}.AppStore|Android.Build.0 = Release|Any CPU
		{14C534B6-1984-41A9-A384-D3A5508588E3}.AppStore|Any CPU.ActiveCfg = Debug|Any CPU
		{14C534B6-1984-41A9-A384-D3A5508588E3}.AppStore|Any CPU.Build.0 = Debug|Any CPU
		{14C534B6-1984-41A9-A384-D3A5508588E3}.AppStore|ARM.ActiveCfg = Debug|Any CPU
		{14C534B6-1984-41A9-A384-D3A5508588E3}.AppStore|ARM.Build.0 = Debug|Any CPU
		{14C534B6-1984-41A9-A384-D3A5508588E3}.AppStore|iPhone.ActiveCfg = Release|Any CPU
		{14C534B6-1984-41A9-A384-D3A5508588E3}.AppStore|iPhoneSimulator.ActiveCfg = Release|Any CPU
		{14C534B6-1984-41A9-A384-D3A5508588E3}.AppStore|Nuget.ActiveCfg = Release|Any CPU
		{14C534B6-1984-41A9-A384-D3A5508588E3}.AppStore|WinPhone.ActiveCfg = Release|Any CPU
		{14C534B6-1984-41A9-A384-D3A5508588E3}.AppStore|x64.ActiveCfg = Debug|Any CPU
		{14C534B6-1984-41A9-A384-D3A5508588E3}.AppStore|x64.Build.0 = Debug|Any CPU
		{14C534B6-1984-41A9-A384-D3A5508588E3}.AppStore|x86.ActiveCfg = Debug|Any CPU
		{14C534B6-1984-41A9-A384-D3A5508588E3}.AppStore|x86.Build.0 = Debug|Any CPU
		{14C534B6-1984-41A9-A384-D3A5508588E3}.Debug Win|Android.ActiveCfg = Debug|Any CPU
		{14C534B6-1984-41A9-A384-D3A5508588E3}.Debug Win|Android.Build.0 = Debug|Any CPU
		{14C534B6-1984-41A9-A384-D3A5508588E3}.Debug Win|Any CPU.ActiveCfg = Debug|Any CPU
		{14C534B6-1984-41A9-A384-D3A5508588E3}.Debug Win|Any CPU.Build.0 = Debug|Any CPU
		{14C534B6-1984-41A9-A384-D3A5508588E3}.Debug Win|ARM.ActiveCfg = Debug|Any CPU
		{14C534B6-1984-41A9-A384-D3A5508588E3}.Debug Win|ARM.Build.0 = Debug|Any CPU
		{14C534B6-1984-41A9-A384-D3A5508588E3}.Debug Win|iPhone.ActiveCfg = Debug|Any CPU
		{14C534B6-1984-41A9-A384-D3A5508588E3}.Debug Win|iPhone.Build.0 = Debug|Any CPU
		{14C534B6-1984-41A9-A384-D3A5508588E3}.Debug Win|iPhoneSimulator.ActiveCfg = Debug|Any CPU
		{14C534B6-1984-41A9-A384-D3A5508588E3}.Debug Win|Nuget.ActiveCfg = Debug|Any CPU
		{14C534B6-1984-41A9-A384-D3A5508588E3}.Debug Win|WinPhone.ActiveCfg = Debug|Any CPU
		{14C534B6-1984-41A9-A384-D3A5508588E3}.Debug Win|WinPhone.Build.0 = Debug|Any CPU
		{14C534B6-1984-41A9-A384-D3A5508588E3}.Debug Win|x64.ActiveCfg = Debug|Any CPU
		{14C534B6-1984-41A9-A384-D3A5508588E3}.Debug Win|x64.Build.0 = Debug|Any CPU
		{14C534B6-1984-41A9-A384-D3A5508588E3}.Debug Win|x86.ActiveCfg = Debug|Any CPU
		{14C534B6-1984-41A9-A384-D3A5508588E3}.Debug Win|x86.Build.0 = Debug|Any CPU
		{14C534B6-1984-41A9-A384-D3A5508588E3}.Debug|Android.ActiveCfg = Debug|Any CPU
		{14C534B6-1984-41A9-A384-D3A5508588E3}.Debug|Android.Build.0 = Debug|Any CPU
		{14C534B6-1984-41A9-A384-D3A5508588E3}.Debug|Any CPU.ActiveCfg = Debug|Any CPU
		{14C534B6-1984-41A9-A384-D3A5508588E3}.Debug|Any CPU.Build.0 = Debug|Any CPU
		{14C534B6-1984-41A9-A384-D3A5508588E3}.Debug|ARM.ActiveCfg = Debug|Any CPU
		{14C534B6-1984-41A9-A384-D3A5508588E3}.Debug|ARM.Build.0 = Debug|Any CPU
		{14C534B6-1984-41A9-A384-D3A5508588E3}.Debug|iPhone.ActiveCfg = Debug|Any CPU
		{14C534B6-1984-41A9-A384-D3A5508588E3}.Debug|iPhone.Build.0 = Debug|Any CPU
		{14C534B6-1984-41A9-A384-D3A5508588E3}.Debug|iPhoneSimulator.ActiveCfg = Debug|Any CPU
		{14C534B6-1984-41A9-A384-D3A5508588E3}.Debug|iPhoneSimulator.Build.0 = Debug|Any CPU
		{14C534B6-1984-41A9-A384-D3A5508588E3}.Debug|Nuget.ActiveCfg = Debug|Any CPU
		{14C534B6-1984-41A9-A384-D3A5508588E3}.Debug|Nuget.Build.0 = Debug|Any CPU
		{14C534B6-1984-41A9-A384-D3A5508588E3}.Debug|WinPhone.ActiveCfg = Debug|Any CPU
		{14C534B6-1984-41A9-A384-D3A5508588E3}.Debug|WinPhone.Build.0 = Debug|Any CPU
		{14C534B6-1984-41A9-A384-D3A5508588E3}.Debug|x64.ActiveCfg = Debug|Any CPU
		{14C534B6-1984-41A9-A384-D3A5508588E3}.Debug|x64.Build.0 = Debug|Any CPU
		{14C534B6-1984-41A9-A384-D3A5508588E3}.Debug|x86.ActiveCfg = Debug|Any CPU
		{14C534B6-1984-41A9-A384-D3A5508588E3}.Debug|x86.Build.0 = Debug|Any CPU
		{14C534B6-1984-41A9-A384-D3A5508588E3}.Release|Android.ActiveCfg = Release|Any CPU
		{14C534B6-1984-41A9-A384-D3A5508588E3}.Release|Android.Build.0 = Release|Any CPU
		{14C534B6-1984-41A9-A384-D3A5508588E3}.Release|Any CPU.ActiveCfg = Release|Any CPU
		{14C534B6-1984-41A9-A384-D3A5508588E3}.Release|Any CPU.Build.0 = Release|Any CPU
		{14C534B6-1984-41A9-A384-D3A5508588E3}.Release|ARM.ActiveCfg = Release|Any CPU
		{14C534B6-1984-41A9-A384-D3A5508588E3}.Release|ARM.Build.0 = Release|Any CPU
		{14C534B6-1984-41A9-A384-D3A5508588E3}.Release|iPhone.ActiveCfg = Release|Any CPU
		{14C534B6-1984-41A9-A384-D3A5508588E3}.Release|iPhoneSimulator.ActiveCfg = Release|Any CPU
		{14C534B6-1984-41A9-A384-D3A5508588E3}.Release|Nuget.ActiveCfg = Release|Any CPU
		{14C534B6-1984-41A9-A384-D3A5508588E3}.Release|Nuget.Build.0 = Release|Any CPU
		{14C534B6-1984-41A9-A384-D3A5508588E3}.Release|WinPhone.ActiveCfg = Release|Any CPU
		{14C534B6-1984-41A9-A384-D3A5508588E3}.Release|x64.ActiveCfg = Release|Any CPU
		{14C534B6-1984-41A9-A384-D3A5508588E3}.Release|x64.Build.0 = Release|Any CPU
		{14C534B6-1984-41A9-A384-D3A5508588E3}.Release|x86.ActiveCfg = Release|Any CPU
		{14C534B6-1984-41A9-A384-D3A5508588E3}.Release|x86.Build.0 = Release|Any CPU
		{14C534B6-1984-41A9-A384-D3A5508588E3}.WinPhoneRelease|Android.ActiveCfg = Release|Any CPU
		{14C534B6-1984-41A9-A384-D3A5508588E3}.WinPhoneRelease|Android.Build.0 = Release|Any CPU
		{14C534B6-1984-41A9-A384-D3A5508588E3}.WinPhoneRelease|Any CPU.ActiveCfg = Release|Any CPU
		{14C534B6-1984-41A9-A384-D3A5508588E3}.WinPhoneRelease|Any CPU.Build.0 = Release|Any CPU
		{14C534B6-1984-41A9-A384-D3A5508588E3}.WinPhoneRelease|ARM.ActiveCfg = Release|Any CPU
		{14C534B6-1984-41A9-A384-D3A5508588E3}.WinPhoneRelease|ARM.Build.0 = Release|Any CPU
		{14C534B6-1984-41A9-A384-D3A5508588E3}.WinPhoneRelease|iPhone.ActiveCfg = Release|Any CPU
		{14C534B6-1984-41A9-A384-D3A5508588E3}.WinPhoneRelease|iPhoneSimulator.ActiveCfg = Release|Any CPU
		{14C534B6-1984-41A9-A384-D3A5508588E3}.WinPhoneRelease|Nuget.ActiveCfg = Release|Any CPU
		{14C534B6-1984-41A9-A384-D3A5508588E3}.WinPhoneRelease|WinPhone.ActiveCfg = Release|Any CPU
		{14C534B6-1984-41A9-A384-D3A5508588E3}.WinPhoneRelease|x64.ActiveCfg = Release|Any CPU
		{14C534B6-1984-41A9-A384-D3A5508588E3}.WinPhoneRelease|x64.Build.0 = Release|Any CPU
		{14C534B6-1984-41A9-A384-D3A5508588E3}.WinPhoneRelease|x86.ActiveCfg = Release|Any CPU
		{14C534B6-1984-41A9-A384-D3A5508588E3}.WinPhoneRelease|x86.Build.0 = Release|Any CPU
		{D525F236-6A2D-4010-B1CC-4A4B8581C90B}.Ad-Hoc|Android.ActiveCfg = Release|Any CPU
		{D525F236-6A2D-4010-B1CC-4A4B8581C90B}.Ad-Hoc|Android.Build.0 = Release|Any CPU
		{D525F236-6A2D-4010-B1CC-4A4B8581C90B}.Ad-Hoc|Any CPU.ActiveCfg = AppStore|Any CPU
		{D525F236-6A2D-4010-B1CC-4A4B8581C90B}.Ad-Hoc|Any CPU.Build.0 = AppStore|Any CPU
		{D525F236-6A2D-4010-B1CC-4A4B8581C90B}.Ad-Hoc|ARM.ActiveCfg = AppStore|Any CPU
		{D525F236-6A2D-4010-B1CC-4A4B8581C90B}.Ad-Hoc|ARM.Build.0 = AppStore|Any CPU
		{D525F236-6A2D-4010-B1CC-4A4B8581C90B}.Ad-Hoc|iPhone.ActiveCfg = Release|Any CPU
		{D525F236-6A2D-4010-B1CC-4A4B8581C90B}.Ad-Hoc|iPhoneSimulator.ActiveCfg = Release|Any CPU
		{D525F236-6A2D-4010-B1CC-4A4B8581C90B}.Ad-Hoc|Nuget.ActiveCfg = Release|Any CPU
		{D525F236-6A2D-4010-B1CC-4A4B8581C90B}.Ad-Hoc|WinPhone.ActiveCfg = Release|Any CPU
		{D525F236-6A2D-4010-B1CC-4A4B8581C90B}.Ad-Hoc|x64.ActiveCfg = AppStore|Any CPU
		{D525F236-6A2D-4010-B1CC-4A4B8581C90B}.Ad-Hoc|x64.Build.0 = AppStore|Any CPU
		{D525F236-6A2D-4010-B1CC-4A4B8581C90B}.Ad-Hoc|x86.ActiveCfg = AppStore|Any CPU
		{D525F236-6A2D-4010-B1CC-4A4B8581C90B}.Ad-Hoc|x86.Build.0 = AppStore|Any CPU
		{D525F236-6A2D-4010-B1CC-4A4B8581C90B}.AppStore|Android.ActiveCfg = Release|Any CPU
		{D525F236-6A2D-4010-B1CC-4A4B8581C90B}.AppStore|Android.Build.0 = Release|Any CPU
		{D525F236-6A2D-4010-B1CC-4A4B8581C90B}.AppStore|Any CPU.ActiveCfg = AppStore|Any CPU
		{D525F236-6A2D-4010-B1CC-4A4B8581C90B}.AppStore|Any CPU.Build.0 = AppStore|Any CPU
		{D525F236-6A2D-4010-B1CC-4A4B8581C90B}.AppStore|ARM.ActiveCfg = AppStore|Any CPU
		{D525F236-6A2D-4010-B1CC-4A4B8581C90B}.AppStore|ARM.Build.0 = AppStore|Any CPU
		{D525F236-6A2D-4010-B1CC-4A4B8581C90B}.AppStore|iPhone.ActiveCfg = Release|Any CPU
		{D525F236-6A2D-4010-B1CC-4A4B8581C90B}.AppStore|iPhoneSimulator.ActiveCfg = Release|Any CPU
		{D525F236-6A2D-4010-B1CC-4A4B8581C90B}.AppStore|Nuget.ActiveCfg = Release|Any CPU
		{D525F236-6A2D-4010-B1CC-4A4B8581C90B}.AppStore|WinPhone.ActiveCfg = Release|Any CPU
		{D525F236-6A2D-4010-B1CC-4A4B8581C90B}.AppStore|x64.ActiveCfg = AppStore|Any CPU
		{D525F236-6A2D-4010-B1CC-4A4B8581C90B}.AppStore|x64.Build.0 = AppStore|Any CPU
		{D525F236-6A2D-4010-B1CC-4A4B8581C90B}.AppStore|x86.ActiveCfg = AppStore|Any CPU
		{D525F236-6A2D-4010-B1CC-4A4B8581C90B}.AppStore|x86.Build.0 = AppStore|Any CPU
		{D525F236-6A2D-4010-B1CC-4A4B8581C90B}.Debug Win|Android.ActiveCfg = Debug|Any CPU
		{D525F236-6A2D-4010-B1CC-4A4B8581C90B}.Debug Win|Android.Build.0 = Debug|Any CPU
		{D525F236-6A2D-4010-B1CC-4A4B8581C90B}.Debug Win|Any CPU.ActiveCfg = Debug|Any CPU
		{D525F236-6A2D-4010-B1CC-4A4B8581C90B}.Debug Win|Any CPU.Build.0 = Debug|Any CPU
		{D525F236-6A2D-4010-B1CC-4A4B8581C90B}.Debug Win|ARM.ActiveCfg = Debug|Any CPU
		{D525F236-6A2D-4010-B1CC-4A4B8581C90B}.Debug Win|ARM.Build.0 = Debug|Any CPU
		{D525F236-6A2D-4010-B1CC-4A4B8581C90B}.Debug Win|iPhone.ActiveCfg = Debug|Any CPU
		{D525F236-6A2D-4010-B1CC-4A4B8581C90B}.Debug Win|iPhoneSimulator.ActiveCfg = Debug|Any CPU
		{D525F236-6A2D-4010-B1CC-4A4B8581C90B}.Debug Win|Nuget.ActiveCfg = Debug|Any CPU
		{D525F236-6A2D-4010-B1CC-4A4B8581C90B}.Debug Win|WinPhone.ActiveCfg = Debug|Any CPU
		{D525F236-6A2D-4010-B1CC-4A4B8581C90B}.Debug Win|x64.ActiveCfg = Debug|Any CPU
		{D525F236-6A2D-4010-B1CC-4A4B8581C90B}.Debug Win|x64.Build.0 = Debug|Any CPU
		{D525F236-6A2D-4010-B1CC-4A4B8581C90B}.Debug Win|x86.ActiveCfg = Debug|Any CPU
		{D525F236-6A2D-4010-B1CC-4A4B8581C90B}.Debug Win|x86.Build.0 = Debug|Any CPU
		{D525F236-6A2D-4010-B1CC-4A4B8581C90B}.Debug|Android.ActiveCfg = Debug|Any CPU
		{D525F236-6A2D-4010-B1CC-4A4B8581C90B}.Debug|Any CPU.ActiveCfg = Debug|Any CPU
		{D525F236-6A2D-4010-B1CC-4A4B8581C90B}.Debug|Any CPU.Build.0 = Debug|Any CPU
		{D525F236-6A2D-4010-B1CC-4A4B8581C90B}.Debug|ARM.ActiveCfg = Debug|Any CPU
		{D525F236-6A2D-4010-B1CC-4A4B8581C90B}.Debug|ARM.Build.0 = Debug|Any CPU
		{D525F236-6A2D-4010-B1CC-4A4B8581C90B}.Debug|iPhone.ActiveCfg = Debug|Any CPU
		{D525F236-6A2D-4010-B1CC-4A4B8581C90B}.Debug|iPhoneSimulator.ActiveCfg = Debug|Any CPU
		{D525F236-6A2D-4010-B1CC-4A4B8581C90B}.Debug|iPhoneSimulator.Build.0 = Debug|Any CPU
		{D525F236-6A2D-4010-B1CC-4A4B8581C90B}.Debug|Nuget.ActiveCfg = Debug|Any CPU
		{D525F236-6A2D-4010-B1CC-4A4B8581C90B}.Debug|Nuget.Build.0 = Debug|Any CPU
		{D525F236-6A2D-4010-B1CC-4A4B8581C90B}.Debug|WinPhone.ActiveCfg = Debug|Any CPU
		{D525F236-6A2D-4010-B1CC-4A4B8581C90B}.Debug|x64.ActiveCfg = Debug|Any CPU
		{D525F236-6A2D-4010-B1CC-4A4B8581C90B}.Debug|x64.Build.0 = Debug|Any CPU
		{D525F236-6A2D-4010-B1CC-4A4B8581C90B}.Debug|x86.ActiveCfg = Debug|Any CPU
		{D525F236-6A2D-4010-B1CC-4A4B8581C90B}.Debug|x86.Build.0 = Debug|Any CPU
		{D525F236-6A2D-4010-B1CC-4A4B8581C90B}.Release|Android.ActiveCfg = Release|Any CPU
		{D525F236-6A2D-4010-B1CC-4A4B8581C90B}.Release|Android.Build.0 = Release|Any CPU
		{D525F236-6A2D-4010-B1CC-4A4B8581C90B}.Release|Any CPU.ActiveCfg = Release|Any CPU
		{D525F236-6A2D-4010-B1CC-4A4B8581C90B}.Release|Any CPU.Build.0 = Release|Any CPU
		{D525F236-6A2D-4010-B1CC-4A4B8581C90B}.Release|ARM.ActiveCfg = Release|Any CPU
		{D525F236-6A2D-4010-B1CC-4A4B8581C90B}.Release|ARM.Build.0 = Release|Any CPU
		{D525F236-6A2D-4010-B1CC-4A4B8581C90B}.Release|iPhone.ActiveCfg = Release|Any CPU
		{D525F236-6A2D-4010-B1CC-4A4B8581C90B}.Release|iPhoneSimulator.ActiveCfg = Release|Any CPU
		{D525F236-6A2D-4010-B1CC-4A4B8581C90B}.Release|Nuget.ActiveCfg = Release|Any CPU
		{D525F236-6A2D-4010-B1CC-4A4B8581C90B}.Release|Nuget.Build.0 = Release|Any CPU
		{D525F236-6A2D-4010-B1CC-4A4B8581C90B}.Release|WinPhone.ActiveCfg = Release|Any CPU
		{D525F236-6A2D-4010-B1CC-4A4B8581C90B}.Release|x64.ActiveCfg = Release|Any CPU
		{D525F236-6A2D-4010-B1CC-4A4B8581C90B}.Release|x64.Build.0 = Release|Any CPU
		{D525F236-6A2D-4010-B1CC-4A4B8581C90B}.Release|x86.ActiveCfg = Release|Any CPU
		{D525F236-6A2D-4010-B1CC-4A4B8581C90B}.Release|x86.Build.0 = Release|Any CPU
		{D525F236-6A2D-4010-B1CC-4A4B8581C90B}.WinPhoneRelease|Android.ActiveCfg = Release|Any CPU
		{D525F236-6A2D-4010-B1CC-4A4B8581C90B}.WinPhoneRelease|Android.Build.0 = Release|Any CPU
		{D525F236-6A2D-4010-B1CC-4A4B8581C90B}.WinPhoneRelease|Any CPU.ActiveCfg = Release|Any CPU
		{D525F236-6A2D-4010-B1CC-4A4B8581C90B}.WinPhoneRelease|Any CPU.Build.0 = Release|Any CPU
		{D525F236-6A2D-4010-B1CC-4A4B8581C90B}.WinPhoneRelease|ARM.ActiveCfg = Release|Any CPU
		{D525F236-6A2D-4010-B1CC-4A4B8581C90B}.WinPhoneRelease|ARM.Build.0 = Release|Any CPU
		{D525F236-6A2D-4010-B1CC-4A4B8581C90B}.WinPhoneRelease|iPhone.ActiveCfg = Release|Any CPU
		{D525F236-6A2D-4010-B1CC-4A4B8581C90B}.WinPhoneRelease|iPhoneSimulator.ActiveCfg = Release|Any CPU
		{D525F236-6A2D-4010-B1CC-4A4B8581C90B}.WinPhoneRelease|Nuget.ActiveCfg = Release|Any CPU
		{D525F236-6A2D-4010-B1CC-4A4B8581C90B}.WinPhoneRelease|WinPhone.ActiveCfg = Release|Any CPU
		{D525F236-6A2D-4010-B1CC-4A4B8581C90B}.WinPhoneRelease|x64.ActiveCfg = Release|Any CPU
		{D525F236-6A2D-4010-B1CC-4A4B8581C90B}.WinPhoneRelease|x64.Build.0 = Release|Any CPU
		{D525F236-6A2D-4010-B1CC-4A4B8581C90B}.WinPhoneRelease|x86.ActiveCfg = Release|Any CPU
		{D525F236-6A2D-4010-B1CC-4A4B8581C90B}.WinPhoneRelease|x86.Build.0 = Release|Any CPU
		{BB864987-FD1A-4303-A4FC-B1F7E120E78D}.Ad-Hoc|Android.ActiveCfg = Release|Any CPU
		{BB864987-FD1A-4303-A4FC-B1F7E120E78D}.Ad-Hoc|Android.Build.0 = Release|Any CPU
		{BB864987-FD1A-4303-A4FC-B1F7E120E78D}.Ad-Hoc|Any CPU.ActiveCfg = AppStore|Any CPU
		{BB864987-FD1A-4303-A4FC-B1F7E120E78D}.Ad-Hoc|Any CPU.Build.0 = AppStore|Any CPU
		{BB864987-FD1A-4303-A4FC-B1F7E120E78D}.Ad-Hoc|ARM.ActiveCfg = AppStore|Any CPU
		{BB864987-FD1A-4303-A4FC-B1F7E120E78D}.Ad-Hoc|ARM.Build.0 = AppStore|Any CPU
		{BB864987-FD1A-4303-A4FC-B1F7E120E78D}.Ad-Hoc|iPhone.ActiveCfg = Release|Any CPU
		{BB864987-FD1A-4303-A4FC-B1F7E120E78D}.Ad-Hoc|iPhoneSimulator.ActiveCfg = Release|Any CPU
		{BB864987-FD1A-4303-A4FC-B1F7E120E78D}.Ad-Hoc|Nuget.ActiveCfg = Release|Any CPU
		{BB864987-FD1A-4303-A4FC-B1F7E120E78D}.Ad-Hoc|WinPhone.ActiveCfg = Release|Any CPU
		{BB864987-FD1A-4303-A4FC-B1F7E120E78D}.Ad-Hoc|x64.ActiveCfg = AppStore|Any CPU
		{BB864987-FD1A-4303-A4FC-B1F7E120E78D}.Ad-Hoc|x64.Build.0 = AppStore|Any CPU
		{BB864987-FD1A-4303-A4FC-B1F7E120E78D}.Ad-Hoc|x86.ActiveCfg = AppStore|Any CPU
		{BB864987-FD1A-4303-A4FC-B1F7E120E78D}.Ad-Hoc|x86.Build.0 = AppStore|Any CPU
		{BB864987-FD1A-4303-A4FC-B1F7E120E78D}.AppStore|Android.ActiveCfg = Release|Any CPU
		{BB864987-FD1A-4303-A4FC-B1F7E120E78D}.AppStore|Android.Build.0 = Release|Any CPU
		{BB864987-FD1A-4303-A4FC-B1F7E120E78D}.AppStore|Any CPU.ActiveCfg = AppStore|Any CPU
		{BB864987-FD1A-4303-A4FC-B1F7E120E78D}.AppStore|Any CPU.Build.0 = AppStore|Any CPU
		{BB864987-FD1A-4303-A4FC-B1F7E120E78D}.AppStore|ARM.ActiveCfg = AppStore|Any CPU
		{BB864987-FD1A-4303-A4FC-B1F7E120E78D}.AppStore|ARM.Build.0 = AppStore|Any CPU
		{BB864987-FD1A-4303-A4FC-B1F7E120E78D}.AppStore|iPhone.ActiveCfg = Release|Any CPU
		{BB864987-FD1A-4303-A4FC-B1F7E120E78D}.AppStore|iPhoneSimulator.ActiveCfg = Release|Any CPU
		{BB864987-FD1A-4303-A4FC-B1F7E120E78D}.AppStore|Nuget.ActiveCfg = Release|Any CPU
		{BB864987-FD1A-4303-A4FC-B1F7E120E78D}.AppStore|WinPhone.ActiveCfg = Release|Any CPU
		{BB864987-FD1A-4303-A4FC-B1F7E120E78D}.AppStore|x64.ActiveCfg = AppStore|Any CPU
		{BB864987-FD1A-4303-A4FC-B1F7E120E78D}.AppStore|x64.Build.0 = AppStore|Any CPU
		{BB864987-FD1A-4303-A4FC-B1F7E120E78D}.AppStore|x86.ActiveCfg = AppStore|Any CPU
		{BB864987-FD1A-4303-A4FC-B1F7E120E78D}.AppStore|x86.Build.0 = AppStore|Any CPU
		{BB864987-FD1A-4303-A4FC-B1F7E120E78D}.Debug Win|Android.ActiveCfg = Debug|Any CPU
		{BB864987-FD1A-4303-A4FC-B1F7E120E78D}.Debug Win|Android.Build.0 = Debug|Any CPU
		{BB864987-FD1A-4303-A4FC-B1F7E120E78D}.Debug Win|Any CPU.ActiveCfg = Debug|Any CPU
		{BB864987-FD1A-4303-A4FC-B1F7E120E78D}.Debug Win|Any CPU.Build.0 = Debug|Any CPU
		{BB864987-FD1A-4303-A4FC-B1F7E120E78D}.Debug Win|ARM.ActiveCfg = Debug|Any CPU
		{BB864987-FD1A-4303-A4FC-B1F7E120E78D}.Debug Win|ARM.Build.0 = Debug|Any CPU
		{BB864987-FD1A-4303-A4FC-B1F7E120E78D}.Debug Win|iPhone.ActiveCfg = Debug|Any CPU
		{BB864987-FD1A-4303-A4FC-B1F7E120E78D}.Debug Win|iPhone.Build.0 = Debug|Any CPU
		{BB864987-FD1A-4303-A4FC-B1F7E120E78D}.Debug Win|iPhoneSimulator.ActiveCfg = Debug|Any CPU
		{BB864987-FD1A-4303-A4FC-B1F7E120E78D}.Debug Win|Nuget.ActiveCfg = Debug|Any CPU
		{BB864987-FD1A-4303-A4FC-B1F7E120E78D}.Debug Win|WinPhone.ActiveCfg = Debug|Any CPU
		{BB864987-FD1A-4303-A4FC-B1F7E120E78D}.Debug Win|x64.ActiveCfg = Debug|Any CPU
		{BB864987-FD1A-4303-A4FC-B1F7E120E78D}.Debug Win|x64.Build.0 = Debug|Any CPU
		{BB864987-FD1A-4303-A4FC-B1F7E120E78D}.Debug Win|x86.ActiveCfg = Debug|Any CPU
		{BB864987-FD1A-4303-A4FC-B1F7E120E78D}.Debug Win|x86.Build.0 = Debug|Any CPU
		{BB864987-FD1A-4303-A4FC-B1F7E120E78D}.Debug|Android.ActiveCfg = Debug|Any CPU
		{BB864987-FD1A-4303-A4FC-B1F7E120E78D}.Debug|Any CPU.ActiveCfg = Debug|Any CPU
		{BB864987-FD1A-4303-A4FC-B1F7E120E78D}.Debug|Any CPU.Build.0 = Debug|Any CPU
		{BB864987-FD1A-4303-A4FC-B1F7E120E78D}.Debug|ARM.ActiveCfg = Debug|Any CPU
		{BB864987-FD1A-4303-A4FC-B1F7E120E78D}.Debug|ARM.Build.0 = Debug|Any CPU
		{BB864987-FD1A-4303-A4FC-B1F7E120E78D}.Debug|iPhone.ActiveCfg = Debug|Any CPU
		{BB864987-FD1A-4303-A4FC-B1F7E120E78D}.Debug|iPhone.Build.0 = Debug|Any CPU
		{BB864987-FD1A-4303-A4FC-B1F7E120E78D}.Debug|iPhoneSimulator.ActiveCfg = Debug|Any CPU
		{BB864987-FD1A-4303-A4FC-B1F7E120E78D}.Debug|iPhoneSimulator.Build.0 = Debug|Any CPU
		{BB864987-FD1A-4303-A4FC-B1F7E120E78D}.Debug|Nuget.ActiveCfg = Debug|Any CPU
		{BB864987-FD1A-4303-A4FC-B1F7E120E78D}.Debug|Nuget.Build.0 = Debug|Any CPU
		{BB864987-FD1A-4303-A4FC-B1F7E120E78D}.Debug|WinPhone.ActiveCfg = Debug|Any CPU
		{BB864987-FD1A-4303-A4FC-B1F7E120E78D}.Debug|x64.ActiveCfg = Debug|Any CPU
		{BB864987-FD1A-4303-A4FC-B1F7E120E78D}.Debug|x64.Build.0 = Debug|Any CPU
		{BB864987-FD1A-4303-A4FC-B1F7E120E78D}.Debug|x86.ActiveCfg = Debug|Any CPU
		{BB864987-FD1A-4303-A4FC-B1F7E120E78D}.Debug|x86.Build.0 = Debug|Any CPU
		{BB864987-FD1A-4303-A4FC-B1F7E120E78D}.Release|Android.ActiveCfg = Release|Any CPU
		{BB864987-FD1A-4303-A4FC-B1F7E120E78D}.Release|Android.Build.0 = Release|Any CPU
		{BB864987-FD1A-4303-A4FC-B1F7E120E78D}.Release|Any CPU.ActiveCfg = Release|Any CPU
		{BB864987-FD1A-4303-A4FC-B1F7E120E78D}.Release|Any CPU.Build.0 = Release|Any CPU
		{BB864987-FD1A-4303-A4FC-B1F7E120E78D}.Release|ARM.ActiveCfg = Release|Any CPU
		{BB864987-FD1A-4303-A4FC-B1F7E120E78D}.Release|ARM.Build.0 = Release|Any CPU
		{BB864987-FD1A-4303-A4FC-B1F7E120E78D}.Release|iPhone.ActiveCfg = Release|Any CPU
		{BB864987-FD1A-4303-A4FC-B1F7E120E78D}.Release|iPhoneSimulator.ActiveCfg = Release|Any CPU
		{BB864987-FD1A-4303-A4FC-B1F7E120E78D}.Release|Nuget.ActiveCfg = Release|Any CPU
		{BB864987-FD1A-4303-A4FC-B1F7E120E78D}.Release|Nuget.Build.0 = Release|Any CPU
		{BB864987-FD1A-4303-A4FC-B1F7E120E78D}.Release|WinPhone.ActiveCfg = Release|Any CPU
		{BB864987-FD1A-4303-A4FC-B1F7E120E78D}.Release|x64.ActiveCfg = Release|Any CPU
		{BB864987-FD1A-4303-A4FC-B1F7E120E78D}.Release|x64.Build.0 = Release|Any CPU
		{BB864987-FD1A-4303-A4FC-B1F7E120E78D}.Release|x86.ActiveCfg = Release|Any CPU
		{BB864987-FD1A-4303-A4FC-B1F7E120E78D}.Release|x86.Build.0 = Release|Any CPU
		{BB864987-FD1A-4303-A4FC-B1F7E120E78D}.WinPhoneRelease|Android.ActiveCfg = Release|Any CPU
		{BB864987-FD1A-4303-A4FC-B1F7E120E78D}.WinPhoneRelease|Android.Build.0 = Release|Any CPU
		{BB864987-FD1A-4303-A4FC-B1F7E120E78D}.WinPhoneRelease|Any CPU.ActiveCfg = Release|Any CPU
		{BB864987-FD1A-4303-A4FC-B1F7E120E78D}.WinPhoneRelease|Any CPU.Build.0 = Release|Any CPU
		{BB864987-FD1A-4303-A4FC-B1F7E120E78D}.WinPhoneRelease|ARM.ActiveCfg = Release|Any CPU
		{BB864987-FD1A-4303-A4FC-B1F7E120E78D}.WinPhoneRelease|ARM.Build.0 = Release|Any CPU
		{BB864987-FD1A-4303-A4FC-B1F7E120E78D}.WinPhoneRelease|iPhone.ActiveCfg = Release|Any CPU
		{BB864987-FD1A-4303-A4FC-B1F7E120E78D}.WinPhoneRelease|iPhoneSimulator.ActiveCfg = Release|Any CPU
		{BB864987-FD1A-4303-A4FC-B1F7E120E78D}.WinPhoneRelease|Nuget.ActiveCfg = Release|Any CPU
		{BB864987-FD1A-4303-A4FC-B1F7E120E78D}.WinPhoneRelease|WinPhone.ActiveCfg = Release|Any CPU
		{BB864987-FD1A-4303-A4FC-B1F7E120E78D}.WinPhoneRelease|x64.ActiveCfg = Release|Any CPU
		{BB864987-FD1A-4303-A4FC-B1F7E120E78D}.WinPhoneRelease|x64.Build.0 = Release|Any CPU
		{BB864987-FD1A-4303-A4FC-B1F7E120E78D}.WinPhoneRelease|x86.ActiveCfg = Release|Any CPU
		{BB864987-FD1A-4303-A4FC-B1F7E120E78D}.WinPhoneRelease|x86.Build.0 = Release|Any CPU
		{AD2D2DB4-E781-4CF1-9B62-3AAD264F196D}.Ad-Hoc|Android.ActiveCfg = Release|Any CPU
		{AD2D2DB4-E781-4CF1-9B62-3AAD264F196D}.Ad-Hoc|Android.Build.0 = Release|Any CPU
		{AD2D2DB4-E781-4CF1-9B62-3AAD264F196D}.Ad-Hoc|Any CPU.ActiveCfg = Debug|Any CPU
		{AD2D2DB4-E781-4CF1-9B62-3AAD264F196D}.Ad-Hoc|Any CPU.Build.0 = Debug|Any CPU
		{AD2D2DB4-E781-4CF1-9B62-3AAD264F196D}.Ad-Hoc|ARM.ActiveCfg = Debug|Any CPU
		{AD2D2DB4-E781-4CF1-9B62-3AAD264F196D}.Ad-Hoc|ARM.Build.0 = Debug|Any CPU
		{AD2D2DB4-E781-4CF1-9B62-3AAD264F196D}.Ad-Hoc|iPhone.ActiveCfg = Release|Any CPU
		{AD2D2DB4-E781-4CF1-9B62-3AAD264F196D}.Ad-Hoc|iPhoneSimulator.ActiveCfg = Release|Any CPU
		{AD2D2DB4-E781-4CF1-9B62-3AAD264F196D}.Ad-Hoc|Nuget.ActiveCfg = Release|Any CPU
		{AD2D2DB4-E781-4CF1-9B62-3AAD264F196D}.Ad-Hoc|WinPhone.ActiveCfg = Release|Any CPU
		{AD2D2DB4-E781-4CF1-9B62-3AAD264F196D}.Ad-Hoc|x64.ActiveCfg = Debug|Any CPU
		{AD2D2DB4-E781-4CF1-9B62-3AAD264F196D}.Ad-Hoc|x64.Build.0 = Debug|Any CPU
		{AD2D2DB4-E781-4CF1-9B62-3AAD264F196D}.Ad-Hoc|x86.ActiveCfg = Debug|Any CPU
		{AD2D2DB4-E781-4CF1-9B62-3AAD264F196D}.Ad-Hoc|x86.Build.0 = Debug|Any CPU
		{AD2D2DB4-E781-4CF1-9B62-3AAD264F196D}.AppStore|Android.ActiveCfg = Release|Any CPU
		{AD2D2DB4-E781-4CF1-9B62-3AAD264F196D}.AppStore|Android.Build.0 = Release|Any CPU
		{AD2D2DB4-E781-4CF1-9B62-3AAD264F196D}.AppStore|Any CPU.ActiveCfg = Debug|Any CPU
		{AD2D2DB4-E781-4CF1-9B62-3AAD264F196D}.AppStore|Any CPU.Build.0 = Debug|Any CPU
		{AD2D2DB4-E781-4CF1-9B62-3AAD264F196D}.AppStore|ARM.ActiveCfg = Debug|Any CPU
		{AD2D2DB4-E781-4CF1-9B62-3AAD264F196D}.AppStore|ARM.Build.0 = Debug|Any CPU
		{AD2D2DB4-E781-4CF1-9B62-3AAD264F196D}.AppStore|iPhone.ActiveCfg = Release|Any CPU
		{AD2D2DB4-E781-4CF1-9B62-3AAD264F196D}.AppStore|iPhoneSimulator.ActiveCfg = Release|Any CPU
		{AD2D2DB4-E781-4CF1-9B62-3AAD264F196D}.AppStore|Nuget.ActiveCfg = Release|Any CPU
		{AD2D2DB4-E781-4CF1-9B62-3AAD264F196D}.AppStore|WinPhone.ActiveCfg = Release|Any CPU
		{AD2D2DB4-E781-4CF1-9B62-3AAD264F196D}.AppStore|x64.ActiveCfg = Debug|Any CPU
		{AD2D2DB4-E781-4CF1-9B62-3AAD264F196D}.AppStore|x64.Build.0 = Debug|Any CPU
		{AD2D2DB4-E781-4CF1-9B62-3AAD264F196D}.AppStore|x86.ActiveCfg = Debug|Any CPU
		{AD2D2DB4-E781-4CF1-9B62-3AAD264F196D}.AppStore|x86.Build.0 = Debug|Any CPU
		{AD2D2DB4-E781-4CF1-9B62-3AAD264F196D}.Debug Win|Android.ActiveCfg = Debug|Any CPU
		{AD2D2DB4-E781-4CF1-9B62-3AAD264F196D}.Debug Win|Android.Build.0 = Debug|Any CPU
		{AD2D2DB4-E781-4CF1-9B62-3AAD264F196D}.Debug Win|Any CPU.ActiveCfg = Debug|Any CPU
		{AD2D2DB4-E781-4CF1-9B62-3AAD264F196D}.Debug Win|Any CPU.Build.0 = Debug|Any CPU
		{AD2D2DB4-E781-4CF1-9B62-3AAD264F196D}.Debug Win|ARM.ActiveCfg = Debug|Any CPU
		{AD2D2DB4-E781-4CF1-9B62-3AAD264F196D}.Debug Win|ARM.Build.0 = Debug|Any CPU
		{AD2D2DB4-E781-4CF1-9B62-3AAD264F196D}.Debug Win|iPhone.ActiveCfg = Debug|Any CPU
		{AD2D2DB4-E781-4CF1-9B62-3AAD264F196D}.Debug Win|iPhoneSimulator.ActiveCfg = Debug|Any CPU
		{AD2D2DB4-E781-4CF1-9B62-3AAD264F196D}.Debug Win|Nuget.ActiveCfg = Debug|Any CPU
		{AD2D2DB4-E781-4CF1-9B62-3AAD264F196D}.Debug Win|WinPhone.ActiveCfg = Debug|Any CPU
		{AD2D2DB4-E781-4CF1-9B62-3AAD264F196D}.Debug Win|x64.ActiveCfg = Debug|Any CPU
		{AD2D2DB4-E781-4CF1-9B62-3AAD264F196D}.Debug Win|x64.Build.0 = Debug|Any CPU
		{AD2D2DB4-E781-4CF1-9B62-3AAD264F196D}.Debug Win|x86.ActiveCfg = Debug|Any CPU
		{AD2D2DB4-E781-4CF1-9B62-3AAD264F196D}.Debug Win|x86.Build.0 = Debug|Any CPU
		{AD2D2DB4-E781-4CF1-9B62-3AAD264F196D}.Debug|Android.ActiveCfg = Debug|Any CPU
		{AD2D2DB4-E781-4CF1-9B62-3AAD264F196D}.Debug|Android.Build.0 = Debug|Any CPU
		{AD2D2DB4-E781-4CF1-9B62-3AAD264F196D}.Debug|Any CPU.ActiveCfg = Debug|Any CPU
		{AD2D2DB4-E781-4CF1-9B62-3AAD264F196D}.Debug|Any CPU.Build.0 = Debug|Any CPU
		{AD2D2DB4-E781-4CF1-9B62-3AAD264F196D}.Debug|ARM.ActiveCfg = Debug|Any CPU
		{AD2D2DB4-E781-4CF1-9B62-3AAD264F196D}.Debug|ARM.Build.0 = Debug|Any CPU
		{AD2D2DB4-E781-4CF1-9B62-3AAD264F196D}.Debug|iPhone.ActiveCfg = Debug|Any CPU
		{AD2D2DB4-E781-4CF1-9B62-3AAD264F196D}.Debug|iPhoneSimulator.ActiveCfg = Debug|Any CPU
		{AD2D2DB4-E781-4CF1-9B62-3AAD264F196D}.Debug|Nuget.ActiveCfg = Debug|Any CPU
		{AD2D2DB4-E781-4CF1-9B62-3AAD264F196D}.Debug|Nuget.Build.0 = Debug|Any CPU
		{AD2D2DB4-E781-4CF1-9B62-3AAD264F196D}.Debug|WinPhone.ActiveCfg = Debug|Any CPU
		{AD2D2DB4-E781-4CF1-9B62-3AAD264F196D}.Debug|x64.ActiveCfg = Debug|Any CPU
		{AD2D2DB4-E781-4CF1-9B62-3AAD264F196D}.Debug|x64.Build.0 = Debug|Any CPU
		{AD2D2DB4-E781-4CF1-9B62-3AAD264F196D}.Debug|x86.ActiveCfg = Debug|Any CPU
		{AD2D2DB4-E781-4CF1-9B62-3AAD264F196D}.Debug|x86.Build.0 = Debug|Any CPU
		{AD2D2DB4-E781-4CF1-9B62-3AAD264F196D}.Release|Android.ActiveCfg = Release|Any CPU
		{AD2D2DB4-E781-4CF1-9B62-3AAD264F196D}.Release|Android.Build.0 = Release|Any CPU
		{AD2D2DB4-E781-4CF1-9B62-3AAD264F196D}.Release|Any CPU.ActiveCfg = Release|Any CPU
		{AD2D2DB4-E781-4CF1-9B62-3AAD264F196D}.Release|Any CPU.Build.0 = Release|Any CPU
		{AD2D2DB4-E781-4CF1-9B62-3AAD264F196D}.Release|ARM.ActiveCfg = Release|Any CPU
		{AD2D2DB4-E781-4CF1-9B62-3AAD264F196D}.Release|ARM.Build.0 = Release|Any CPU
		{AD2D2DB4-E781-4CF1-9B62-3AAD264F196D}.Release|iPhone.ActiveCfg = Release|Any CPU
		{AD2D2DB4-E781-4CF1-9B62-3AAD264F196D}.Release|iPhoneSimulator.ActiveCfg = Release|Any CPU
		{AD2D2DB4-E781-4CF1-9B62-3AAD264F196D}.Release|Nuget.ActiveCfg = Release|Any CPU
		{AD2D2DB4-E781-4CF1-9B62-3AAD264F196D}.Release|Nuget.Build.0 = Release|Any CPU
		{AD2D2DB4-E781-4CF1-9B62-3AAD264F196D}.Release|WinPhone.ActiveCfg = Release|Any CPU
		{AD2D2DB4-E781-4CF1-9B62-3AAD264F196D}.Release|x64.ActiveCfg = Release|Any CPU
		{AD2D2DB4-E781-4CF1-9B62-3AAD264F196D}.Release|x64.Build.0 = Release|Any CPU
		{AD2D2DB4-E781-4CF1-9B62-3AAD264F196D}.Release|x86.ActiveCfg = Release|Any CPU
		{AD2D2DB4-E781-4CF1-9B62-3AAD264F196D}.Release|x86.Build.0 = Release|Any CPU
		{AD2D2DB4-E781-4CF1-9B62-3AAD264F196D}.WinPhoneRelease|Android.ActiveCfg = Release|Any CPU
		{AD2D2DB4-E781-4CF1-9B62-3AAD264F196D}.WinPhoneRelease|Android.Build.0 = Release|Any CPU
		{AD2D2DB4-E781-4CF1-9B62-3AAD264F196D}.WinPhoneRelease|Any CPU.ActiveCfg = Release|Any CPU
		{AD2D2DB4-E781-4CF1-9B62-3AAD264F196D}.WinPhoneRelease|Any CPU.Build.0 = Release|Any CPU
		{AD2D2DB4-E781-4CF1-9B62-3AAD264F196D}.WinPhoneRelease|ARM.ActiveCfg = Release|Any CPU
		{AD2D2DB4-E781-4CF1-9B62-3AAD264F196D}.WinPhoneRelease|ARM.Build.0 = Release|Any CPU
		{AD2D2DB4-E781-4CF1-9B62-3AAD264F196D}.WinPhoneRelease|iPhone.ActiveCfg = Release|Any CPU
		{AD2D2DB4-E781-4CF1-9B62-3AAD264F196D}.WinPhoneRelease|iPhoneSimulator.ActiveCfg = Release|Any CPU
		{AD2D2DB4-E781-4CF1-9B62-3AAD264F196D}.WinPhoneRelease|Nuget.ActiveCfg = Release|Any CPU
		{AD2D2DB4-E781-4CF1-9B62-3AAD264F196D}.WinPhoneRelease|WinPhone.ActiveCfg = Release|Any CPU
		{AD2D2DB4-E781-4CF1-9B62-3AAD264F196D}.WinPhoneRelease|x64.ActiveCfg = Release|Any CPU
		{AD2D2DB4-E781-4CF1-9B62-3AAD264F196D}.WinPhoneRelease|x64.Build.0 = Release|Any CPU
		{AD2D2DB4-E781-4CF1-9B62-3AAD264F196D}.WinPhoneRelease|x86.ActiveCfg = Release|Any CPU
		{AD2D2DB4-E781-4CF1-9B62-3AAD264F196D}.WinPhoneRelease|x86.Build.0 = Release|Any CPU
		{983B7EFF-7E75-4A87-890A-744A0B4C5232}.Ad-Hoc|Android.ActiveCfg = Release|Any CPU
		{983B7EFF-7E75-4A87-890A-744A0B4C5232}.Ad-Hoc|Android.Build.0 = Release|Any CPU
		{983B7EFF-7E75-4A87-890A-744A0B4C5232}.Ad-Hoc|Any CPU.ActiveCfg = Debug|Any CPU
		{983B7EFF-7E75-4A87-890A-744A0B4C5232}.Ad-Hoc|Any CPU.Build.0 = Debug|Any CPU
		{983B7EFF-7E75-4A87-890A-744A0B4C5232}.Ad-Hoc|ARM.ActiveCfg = Debug|ARM
		{983B7EFF-7E75-4A87-890A-744A0B4C5232}.Ad-Hoc|ARM.Build.0 = Debug|ARM
		{983B7EFF-7E75-4A87-890A-744A0B4C5232}.Ad-Hoc|iPhone.ActiveCfg = Release|Any CPU
		{983B7EFF-7E75-4A87-890A-744A0B4C5232}.Ad-Hoc|iPhoneSimulator.ActiveCfg = Release|Any CPU
		{983B7EFF-7E75-4A87-890A-744A0B4C5232}.Ad-Hoc|Nuget.ActiveCfg = Release|ARM
		{983B7EFF-7E75-4A87-890A-744A0B4C5232}.Ad-Hoc|Nuget.Build.0 = Release|ARM
		{983B7EFF-7E75-4A87-890A-744A0B4C5232}.Ad-Hoc|WinPhone.ActiveCfg = Release|ARM
		{983B7EFF-7E75-4A87-890A-744A0B4C5232}.Ad-Hoc|WinPhone.Build.0 = Release|ARM
		{983B7EFF-7E75-4A87-890A-744A0B4C5232}.Ad-Hoc|x64.ActiveCfg = Debug|Any CPU
		{983B7EFF-7E75-4A87-890A-744A0B4C5232}.Ad-Hoc|x64.Build.0 = Debug|Any CPU
		{983B7EFF-7E75-4A87-890A-744A0B4C5232}.Ad-Hoc|x86.ActiveCfg = Release|x86
		{983B7EFF-7E75-4A87-890A-744A0B4C5232}.Ad-Hoc|x86.Build.0 = Release|x86
		{983B7EFF-7E75-4A87-890A-744A0B4C5232}.AppStore|Android.ActiveCfg = Release|Any CPU
		{983B7EFF-7E75-4A87-890A-744A0B4C5232}.AppStore|Android.Build.0 = Release|Any CPU
		{983B7EFF-7E75-4A87-890A-744A0B4C5232}.AppStore|Any CPU.ActiveCfg = Debug|Any CPU
		{983B7EFF-7E75-4A87-890A-744A0B4C5232}.AppStore|Any CPU.Build.0 = Debug|Any CPU
		{983B7EFF-7E75-4A87-890A-744A0B4C5232}.AppStore|ARM.ActiveCfg = Debug|ARM
		{983B7EFF-7E75-4A87-890A-744A0B4C5232}.AppStore|ARM.Build.0 = Debug|ARM
		{983B7EFF-7E75-4A87-890A-744A0B4C5232}.AppStore|iPhone.ActiveCfg = Release|Any CPU
		{983B7EFF-7E75-4A87-890A-744A0B4C5232}.AppStore|iPhoneSimulator.ActiveCfg = Release|Any CPU
		{983B7EFF-7E75-4A87-890A-744A0B4C5232}.AppStore|Nuget.ActiveCfg = Release|ARM
		{983B7EFF-7E75-4A87-890A-744A0B4C5232}.AppStore|Nuget.Build.0 = Release|ARM
		{983B7EFF-7E75-4A87-890A-744A0B4C5232}.AppStore|WinPhone.ActiveCfg = Release|ARM
		{983B7EFF-7E75-4A87-890A-744A0B4C5232}.AppStore|WinPhone.Build.0 = Release|ARM
		{983B7EFF-7E75-4A87-890A-744A0B4C5232}.AppStore|x64.ActiveCfg = Debug|Any CPU
		{983B7EFF-7E75-4A87-890A-744A0B4C5232}.AppStore|x64.Build.0 = Debug|Any CPU
		{983B7EFF-7E75-4A87-890A-744A0B4C5232}.AppStore|x86.ActiveCfg = Release|x86
		{983B7EFF-7E75-4A87-890A-744A0B4C5232}.AppStore|x86.Build.0 = Release|x86
		{983B7EFF-7E75-4A87-890A-744A0B4C5232}.Debug Win|Android.ActiveCfg = Debug|Any CPU
		{983B7EFF-7E75-4A87-890A-744A0B4C5232}.Debug Win|Android.Build.0 = Debug|Any CPU
		{983B7EFF-7E75-4A87-890A-744A0B4C5232}.Debug Win|Any CPU.ActiveCfg = Debug|Any CPU
		{983B7EFF-7E75-4A87-890A-744A0B4C5232}.Debug Win|Any CPU.Build.0 = Debug|Any CPU
		{983B7EFF-7E75-4A87-890A-744A0B4C5232}.Debug Win|ARM.ActiveCfg = Debug|ARM
		{983B7EFF-7E75-4A87-890A-744A0B4C5232}.Debug Win|ARM.Build.0 = Debug|ARM
		{983B7EFF-7E75-4A87-890A-744A0B4C5232}.Debug Win|iPhone.ActiveCfg = Debug|Any CPU
		{983B7EFF-7E75-4A87-890A-744A0B4C5232}.Debug Win|iPhoneSimulator.ActiveCfg = Debug|Any CPU
		{983B7EFF-7E75-4A87-890A-744A0B4C5232}.Debug Win|Nuget.ActiveCfg = Debug|ARM
		{983B7EFF-7E75-4A87-890A-744A0B4C5232}.Debug Win|Nuget.Build.0 = Debug|ARM
		{983B7EFF-7E75-4A87-890A-744A0B4C5232}.Debug Win|WinPhone.ActiveCfg = Debug|Any CPU
		{983B7EFF-7E75-4A87-890A-744A0B4C5232}.Debug Win|WinPhone.Build.0 = Debug|Any CPU
		{983B7EFF-7E75-4A87-890A-744A0B4C5232}.Debug Win|x64.ActiveCfg = Debug|Any CPU
		{983B7EFF-7E75-4A87-890A-744A0B4C5232}.Debug Win|x64.Build.0 = Debug|Any CPU
		{983B7EFF-7E75-4A87-890A-744A0B4C5232}.Debug Win|x86.ActiveCfg = Debug|x86
		{983B7EFF-7E75-4A87-890A-744A0B4C5232}.Debug Win|x86.Build.0 = Debug|x86
		{983B7EFF-7E75-4A87-890A-744A0B4C5232}.Debug|Android.ActiveCfg = Debug|Any CPU
		{983B7EFF-7E75-4A87-890A-744A0B4C5232}.Debug|Any CPU.ActiveCfg = Debug|Any CPU
		{983B7EFF-7E75-4A87-890A-744A0B4C5232}.Debug|Any CPU.Build.0 = Debug|Any CPU
		{983B7EFF-7E75-4A87-890A-744A0B4C5232}.Debug|ARM.ActiveCfg = Debug|ARM
		{983B7EFF-7E75-4A87-890A-744A0B4C5232}.Debug|ARM.Build.0 = Debug|ARM
		{983B7EFF-7E75-4A87-890A-744A0B4C5232}.Debug|iPhone.ActiveCfg = Debug|Any CPU
		{983B7EFF-7E75-4A87-890A-744A0B4C5232}.Debug|iPhoneSimulator.ActiveCfg = Debug|Any CPU
		{983B7EFF-7E75-4A87-890A-744A0B4C5232}.Debug|Nuget.ActiveCfg = Debug|Any CPU
		{983B7EFF-7E75-4A87-890A-744A0B4C5232}.Debug|Nuget.Build.0 = Debug|Any CPU
		{983B7EFF-7E75-4A87-890A-744A0B4C5232}.Debug|WinPhone.ActiveCfg = Debug|Any CPU
		{983B7EFF-7E75-4A87-890A-744A0B4C5232}.Debug|WinPhone.Build.0 = Debug|Any CPU
		{983B7EFF-7E75-4A87-890A-744A0B4C5232}.Debug|x64.ActiveCfg = Debug|Any CPU
		{983B7EFF-7E75-4A87-890A-744A0B4C5232}.Debug|x64.Build.0 = Debug|Any CPU
		{983B7EFF-7E75-4A87-890A-744A0B4C5232}.Debug|x86.ActiveCfg = Debug|x86
		{983B7EFF-7E75-4A87-890A-744A0B4C5232}.Debug|x86.Build.0 = Debug|x86
		{983B7EFF-7E75-4A87-890A-744A0B4C5232}.Release|Android.ActiveCfg = Release|Any CPU
		{983B7EFF-7E75-4A87-890A-744A0B4C5232}.Release|Android.Build.0 = Release|Any CPU
		{983B7EFF-7E75-4A87-890A-744A0B4C5232}.Release|Any CPU.ActiveCfg = Release|Any CPU
		{983B7EFF-7E75-4A87-890A-744A0B4C5232}.Release|Any CPU.Build.0 = Release|Any CPU
		{983B7EFF-7E75-4A87-890A-744A0B4C5232}.Release|ARM.ActiveCfg = Release|ARM
		{983B7EFF-7E75-4A87-890A-744A0B4C5232}.Release|ARM.Build.0 = Release|ARM
		{983B7EFF-7E75-4A87-890A-744A0B4C5232}.Release|iPhone.ActiveCfg = Release|Any CPU
		{983B7EFF-7E75-4A87-890A-744A0B4C5232}.Release|iPhoneSimulator.ActiveCfg = Release|Any CPU
		{983B7EFF-7E75-4A87-890A-744A0B4C5232}.Release|Nuget.ActiveCfg = Release|Any CPU
		{983B7EFF-7E75-4A87-890A-744A0B4C5232}.Release|Nuget.Build.0 = Release|Any CPU
		{983B7EFF-7E75-4A87-890A-744A0B4C5232}.Release|WinPhone.ActiveCfg = Release|ARM
		{983B7EFF-7E75-4A87-890A-744A0B4C5232}.Release|WinPhone.Build.0 = Release|ARM
		{983B7EFF-7E75-4A87-890A-744A0B4C5232}.Release|x64.ActiveCfg = Release|Any CPU
		{983B7EFF-7E75-4A87-890A-744A0B4C5232}.Release|x64.Build.0 = Release|Any CPU
		{983B7EFF-7E75-4A87-890A-744A0B4C5232}.Release|x86.ActiveCfg = Release|x86
		{983B7EFF-7E75-4A87-890A-744A0B4C5232}.Release|x86.Build.0 = Release|x86
		{983B7EFF-7E75-4A87-890A-744A0B4C5232}.WinPhoneRelease|Android.ActiveCfg = Release|Any CPU
		{983B7EFF-7E75-4A87-890A-744A0B4C5232}.WinPhoneRelease|Android.Build.0 = Release|Any CPU
		{983B7EFF-7E75-4A87-890A-744A0B4C5232}.WinPhoneRelease|Any CPU.ActiveCfg = Release|Any CPU
		{983B7EFF-7E75-4A87-890A-744A0B4C5232}.WinPhoneRelease|Any CPU.Build.0 = Release|Any CPU
		{983B7EFF-7E75-4A87-890A-744A0B4C5232}.WinPhoneRelease|ARM.ActiveCfg = Release|ARM
		{983B7EFF-7E75-4A87-890A-744A0B4C5232}.WinPhoneRelease|ARM.Build.0 = Release|ARM
		{983B7EFF-7E75-4A87-890A-744A0B4C5232}.WinPhoneRelease|iPhone.ActiveCfg = Release|Any CPU
		{983B7EFF-7E75-4A87-890A-744A0B4C5232}.WinPhoneRelease|iPhoneSimulator.ActiveCfg = Release|Any CPU
		{983B7EFF-7E75-4A87-890A-744A0B4C5232}.WinPhoneRelease|Nuget.ActiveCfg = Release|ARM
		{983B7EFF-7E75-4A87-890A-744A0B4C5232}.WinPhoneRelease|Nuget.Build.0 = Release|ARM
		{983B7EFF-7E75-4A87-890A-744A0B4C5232}.WinPhoneRelease|WinPhone.ActiveCfg = Release|ARM
		{983B7EFF-7E75-4A87-890A-744A0B4C5232}.WinPhoneRelease|WinPhone.Build.0 = Release|ARM
		{983B7EFF-7E75-4A87-890A-744A0B4C5232}.WinPhoneRelease|x64.ActiveCfg = Release|Any CPU
		{983B7EFF-7E75-4A87-890A-744A0B4C5232}.WinPhoneRelease|x64.Build.0 = Release|Any CPU
		{983B7EFF-7E75-4A87-890A-744A0B4C5232}.WinPhoneRelease|x86.ActiveCfg = Release|x86
		{983B7EFF-7E75-4A87-890A-744A0B4C5232}.WinPhoneRelease|x86.Build.0 = Release|x86
		{2CBE2457-9E60-4A6C-86A7-72E9DAAF8899}.Ad-Hoc|Android.ActiveCfg = Release|Any CPU
		{2CBE2457-9E60-4A6C-86A7-72E9DAAF8899}.Ad-Hoc|Android.Build.0 = Release|Any CPU
		{2CBE2457-9E60-4A6C-86A7-72E9DAAF8899}.Ad-Hoc|Any CPU.ActiveCfg = Release|Any CPU
		{2CBE2457-9E60-4A6C-86A7-72E9DAAF8899}.Ad-Hoc|Any CPU.Build.0 = Release|Any CPU
		{2CBE2457-9E60-4A6C-86A7-72E9DAAF8899}.Ad-Hoc|ARM.ActiveCfg = Release|ARM
		{2CBE2457-9E60-4A6C-86A7-72E9DAAF8899}.Ad-Hoc|ARM.Build.0 = Release|ARM
		{2CBE2457-9E60-4A6C-86A7-72E9DAAF8899}.Ad-Hoc|iPhone.ActiveCfg = Release|Any CPU
		{2CBE2457-9E60-4A6C-86A7-72E9DAAF8899}.Ad-Hoc|iPhone.Build.0 = Release|Any CPU
		{2CBE2457-9E60-4A6C-86A7-72E9DAAF8899}.Ad-Hoc|iPhoneSimulator.ActiveCfg = Release|Any CPU
		{2CBE2457-9E60-4A6C-86A7-72E9DAAF8899}.Ad-Hoc|iPhoneSimulator.Build.0 = Release|Any CPU
		{2CBE2457-9E60-4A6C-86A7-72E9DAAF8899}.Ad-Hoc|Nuget.ActiveCfg = Release|Any CPU
		{2CBE2457-9E60-4A6C-86A7-72E9DAAF8899}.Ad-Hoc|Nuget.Build.0 = Release|Any CPU
		{2CBE2457-9E60-4A6C-86A7-72E9DAAF8899}.Ad-Hoc|WinPhone.ActiveCfg = Release|Any CPU
		{2CBE2457-9E60-4A6C-86A7-72E9DAAF8899}.Ad-Hoc|WinPhone.Build.0 = Release|Any CPU
		{2CBE2457-9E60-4A6C-86A7-72E9DAAF8899}.Ad-Hoc|x64.ActiveCfg = Release|x64
		{2CBE2457-9E60-4A6C-86A7-72E9DAAF8899}.Ad-Hoc|x64.Build.0 = Release|x64
		{2CBE2457-9E60-4A6C-86A7-72E9DAAF8899}.Ad-Hoc|x86.ActiveCfg = Release|x86
		{2CBE2457-9E60-4A6C-86A7-72E9DAAF8899}.Ad-Hoc|x86.Build.0 = Release|x86
		{2CBE2457-9E60-4A6C-86A7-72E9DAAF8899}.AppStore|Android.ActiveCfg = Release|Any CPU
		{2CBE2457-9E60-4A6C-86A7-72E9DAAF8899}.AppStore|Android.Build.0 = Release|Any CPU
		{2CBE2457-9E60-4A6C-86A7-72E9DAAF8899}.AppStore|Any CPU.ActiveCfg = Release|Any CPU
		{2CBE2457-9E60-4A6C-86A7-72E9DAAF8899}.AppStore|Any CPU.Build.0 = Release|Any CPU
		{2CBE2457-9E60-4A6C-86A7-72E9DAAF8899}.AppStore|ARM.ActiveCfg = Release|ARM
		{2CBE2457-9E60-4A6C-86A7-72E9DAAF8899}.AppStore|ARM.Build.0 = Release|ARM
		{2CBE2457-9E60-4A6C-86A7-72E9DAAF8899}.AppStore|iPhone.ActiveCfg = Release|Any CPU
		{2CBE2457-9E60-4A6C-86A7-72E9DAAF8899}.AppStore|iPhone.Build.0 = Release|Any CPU
		{2CBE2457-9E60-4A6C-86A7-72E9DAAF8899}.AppStore|iPhoneSimulator.ActiveCfg = Release|Any CPU
		{2CBE2457-9E60-4A6C-86A7-72E9DAAF8899}.AppStore|iPhoneSimulator.Build.0 = Release|Any CPU
		{2CBE2457-9E60-4A6C-86A7-72E9DAAF8899}.AppStore|Nuget.ActiveCfg = Release|Any CPU
		{2CBE2457-9E60-4A6C-86A7-72E9DAAF8899}.AppStore|Nuget.Build.0 = Release|Any CPU
		{2CBE2457-9E60-4A6C-86A7-72E9DAAF8899}.AppStore|WinPhone.ActiveCfg = Release|Any CPU
		{2CBE2457-9E60-4A6C-86A7-72E9DAAF8899}.AppStore|WinPhone.Build.0 = Release|Any CPU
		{2CBE2457-9E60-4A6C-86A7-72E9DAAF8899}.AppStore|x64.ActiveCfg = Release|x64
		{2CBE2457-9E60-4A6C-86A7-72E9DAAF8899}.AppStore|x64.Build.0 = Release|x64
		{2CBE2457-9E60-4A6C-86A7-72E9DAAF8899}.AppStore|x86.ActiveCfg = Release|x86
		{2CBE2457-9E60-4A6C-86A7-72E9DAAF8899}.AppStore|x86.Build.0 = Release|x86
		{2CBE2457-9E60-4A6C-86A7-72E9DAAF8899}.Debug Win|Android.ActiveCfg = Debug|Any CPU
		{2CBE2457-9E60-4A6C-86A7-72E9DAAF8899}.Debug Win|Android.Build.0 = Debug|Any CPU
		{2CBE2457-9E60-4A6C-86A7-72E9DAAF8899}.Debug Win|Any CPU.ActiveCfg = Debug|Any CPU
		{2CBE2457-9E60-4A6C-86A7-72E9DAAF8899}.Debug Win|Any CPU.Build.0 = Debug|Any CPU
		{2CBE2457-9E60-4A6C-86A7-72E9DAAF8899}.Debug Win|ARM.ActiveCfg = Debug|ARM
		{2CBE2457-9E60-4A6C-86A7-72E9DAAF8899}.Debug Win|ARM.Build.0 = Debug|ARM
		{2CBE2457-9E60-4A6C-86A7-72E9DAAF8899}.Debug Win|iPhone.ActiveCfg = Debug|Any CPU
		{2CBE2457-9E60-4A6C-86A7-72E9DAAF8899}.Debug Win|iPhone.Build.0 = Debug|Any CPU
		{2CBE2457-9E60-4A6C-86A7-72E9DAAF8899}.Debug Win|iPhoneSimulator.ActiveCfg = Debug|Any CPU
		{2CBE2457-9E60-4A6C-86A7-72E9DAAF8899}.Debug Win|iPhoneSimulator.Build.0 = Debug|Any CPU
		{2CBE2457-9E60-4A6C-86A7-72E9DAAF8899}.Debug Win|Nuget.ActiveCfg = Debug|Any CPU
		{2CBE2457-9E60-4A6C-86A7-72E9DAAF8899}.Debug Win|Nuget.Build.0 = Debug|Any CPU
		{2CBE2457-9E60-4A6C-86A7-72E9DAAF8899}.Debug Win|WinPhone.ActiveCfg = Debug|Any CPU
		{2CBE2457-9E60-4A6C-86A7-72E9DAAF8899}.Debug Win|WinPhone.Build.0 = Debug|Any CPU
		{2CBE2457-9E60-4A6C-86A7-72E9DAAF8899}.Debug Win|x64.ActiveCfg = Debug|x64
		{2CBE2457-9E60-4A6C-86A7-72E9DAAF8899}.Debug Win|x64.Build.0 = Debug|x64
		{2CBE2457-9E60-4A6C-86A7-72E9DAAF8899}.Debug Win|x86.ActiveCfg = Debug|x86
		{2CBE2457-9E60-4A6C-86A7-72E9DAAF8899}.Debug Win|x86.Build.0 = Debug|x86
		{2CBE2457-9E60-4A6C-86A7-72E9DAAF8899}.Debug|Android.ActiveCfg = Debug|Any CPU
		{2CBE2457-9E60-4A6C-86A7-72E9DAAF8899}.Debug|Android.Build.0 = Debug|Any CPU
		{2CBE2457-9E60-4A6C-86A7-72E9DAAF8899}.Debug|Any CPU.ActiveCfg = Debug|Any CPU
		{2CBE2457-9E60-4A6C-86A7-72E9DAAF8899}.Debug|Any CPU.Build.0 = Debug|Any CPU
		{2CBE2457-9E60-4A6C-86A7-72E9DAAF8899}.Debug|ARM.ActiveCfg = Debug|ARM
		{2CBE2457-9E60-4A6C-86A7-72E9DAAF8899}.Debug|ARM.Build.0 = Debug|ARM
		{2CBE2457-9E60-4A6C-86A7-72E9DAAF8899}.Debug|iPhone.ActiveCfg = Debug|Any CPU
		{2CBE2457-9E60-4A6C-86A7-72E9DAAF8899}.Debug|iPhone.Build.0 = Debug|Any CPU
		{2CBE2457-9E60-4A6C-86A7-72E9DAAF8899}.Debug|iPhoneSimulator.ActiveCfg = Debug|Any CPU
		{2CBE2457-9E60-4A6C-86A7-72E9DAAF8899}.Debug|iPhoneSimulator.Build.0 = Debug|Any CPU
		{2CBE2457-9E60-4A6C-86A7-72E9DAAF8899}.Debug|Nuget.ActiveCfg = Debug|Any CPU
		{2CBE2457-9E60-4A6C-86A7-72E9DAAF8899}.Debug|Nuget.Build.0 = Debug|Any CPU
		{2CBE2457-9E60-4A6C-86A7-72E9DAAF8899}.Debug|WinPhone.ActiveCfg = Debug|Any CPU
		{2CBE2457-9E60-4A6C-86A7-72E9DAAF8899}.Debug|WinPhone.Build.0 = Debug|Any CPU
		{2CBE2457-9E60-4A6C-86A7-72E9DAAF8899}.Debug|x64.ActiveCfg = Debug|x64
		{2CBE2457-9E60-4A6C-86A7-72E9DAAF8899}.Debug|x64.Build.0 = Debug|x64
		{2CBE2457-9E60-4A6C-86A7-72E9DAAF8899}.Debug|x86.ActiveCfg = Debug|x86
		{2CBE2457-9E60-4A6C-86A7-72E9DAAF8899}.Debug|x86.Build.0 = Debug|x86
		{2CBE2457-9E60-4A6C-86A7-72E9DAAF8899}.Release|Android.ActiveCfg = Release|Any CPU
		{2CBE2457-9E60-4A6C-86A7-72E9DAAF8899}.Release|Android.Build.0 = Release|Any CPU
		{2CBE2457-9E60-4A6C-86A7-72E9DAAF8899}.Release|Any CPU.ActiveCfg = Release|Any CPU
		{2CBE2457-9E60-4A6C-86A7-72E9DAAF8899}.Release|Any CPU.Build.0 = Release|Any CPU
		{2CBE2457-9E60-4A6C-86A7-72E9DAAF8899}.Release|ARM.ActiveCfg = Release|ARM
		{2CBE2457-9E60-4A6C-86A7-72E9DAAF8899}.Release|ARM.Build.0 = Release|ARM
		{2CBE2457-9E60-4A6C-86A7-72E9DAAF8899}.Release|iPhone.ActiveCfg = Release|Any CPU
		{2CBE2457-9E60-4A6C-86A7-72E9DAAF8899}.Release|iPhone.Build.0 = Release|Any CPU
		{2CBE2457-9E60-4A6C-86A7-72E9DAAF8899}.Release|iPhoneSimulator.ActiveCfg = Release|Any CPU
		{2CBE2457-9E60-4A6C-86A7-72E9DAAF8899}.Release|iPhoneSimulator.Build.0 = Release|Any CPU
		{2CBE2457-9E60-4A6C-86A7-72E9DAAF8899}.Release|Nuget.ActiveCfg = Release|Any CPU
		{2CBE2457-9E60-4A6C-86A7-72E9DAAF8899}.Release|Nuget.Build.0 = Release|Any CPU
		{2CBE2457-9E60-4A6C-86A7-72E9DAAF8899}.Release|WinPhone.ActiveCfg = Release|Any CPU
		{2CBE2457-9E60-4A6C-86A7-72E9DAAF8899}.Release|WinPhone.Build.0 = Release|Any CPU
		{2CBE2457-9E60-4A6C-86A7-72E9DAAF8899}.Release|x64.ActiveCfg = Release|x64
		{2CBE2457-9E60-4A6C-86A7-72E9DAAF8899}.Release|x64.Build.0 = Release|x64
		{2CBE2457-9E60-4A6C-86A7-72E9DAAF8899}.Release|x86.ActiveCfg = Release|x86
		{2CBE2457-9E60-4A6C-86A7-72E9DAAF8899}.Release|x86.Build.0 = Release|x86
		{2CBE2457-9E60-4A6C-86A7-72E9DAAF8899}.WinPhoneRelease|Android.ActiveCfg = Release|Any CPU
		{2CBE2457-9E60-4A6C-86A7-72E9DAAF8899}.WinPhoneRelease|Android.Build.0 = Release|Any CPU
		{2CBE2457-9E60-4A6C-86A7-72E9DAAF8899}.WinPhoneRelease|Any CPU.ActiveCfg = Release|Any CPU
		{2CBE2457-9E60-4A6C-86A7-72E9DAAF8899}.WinPhoneRelease|Any CPU.Build.0 = Release|Any CPU
		{2CBE2457-9E60-4A6C-86A7-72E9DAAF8899}.WinPhoneRelease|ARM.ActiveCfg = Release|ARM
		{2CBE2457-9E60-4A6C-86A7-72E9DAAF8899}.WinPhoneRelease|ARM.Build.0 = Release|ARM
		{2CBE2457-9E60-4A6C-86A7-72E9DAAF8899}.WinPhoneRelease|iPhone.ActiveCfg = Release|Any CPU
		{2CBE2457-9E60-4A6C-86A7-72E9DAAF8899}.WinPhoneRelease|iPhone.Build.0 = Release|Any CPU
		{2CBE2457-9E60-4A6C-86A7-72E9DAAF8899}.WinPhoneRelease|iPhoneSimulator.ActiveCfg = Release|Any CPU
		{2CBE2457-9E60-4A6C-86A7-72E9DAAF8899}.WinPhoneRelease|iPhoneSimulator.Build.0 = Release|Any CPU
		{2CBE2457-9E60-4A6C-86A7-72E9DAAF8899}.WinPhoneRelease|Nuget.ActiveCfg = Release|Any CPU
		{2CBE2457-9E60-4A6C-86A7-72E9DAAF8899}.WinPhoneRelease|Nuget.Build.0 = Release|Any CPU
		{2CBE2457-9E60-4A6C-86A7-72E9DAAF8899}.WinPhoneRelease|WinPhone.ActiveCfg = Release|Any CPU
		{2CBE2457-9E60-4A6C-86A7-72E9DAAF8899}.WinPhoneRelease|WinPhone.Build.0 = Release|Any CPU
		{2CBE2457-9E60-4A6C-86A7-72E9DAAF8899}.WinPhoneRelease|x64.ActiveCfg = Release|x64
		{2CBE2457-9E60-4A6C-86A7-72E9DAAF8899}.WinPhoneRelease|x64.Build.0 = Release|x64
		{2CBE2457-9E60-4A6C-86A7-72E9DAAF8899}.WinPhoneRelease|x86.ActiveCfg = Release|x86
		{2CBE2457-9E60-4A6C-86A7-72E9DAAF8899}.WinPhoneRelease|x86.Build.0 = Release|x86
	EndGlobalSection
	GlobalSection(SolutionProperties) = preSolution
		HideSolutionNode = FALSE
	EndGlobalSection
EndGlobal
